{
  "name": "hw2_test",
  "version": "1.0.0",
  "lockfileVersion": 3,
  "requires": true,
  "packages": {
    "": {
      "name": "hw2_test",
      "version": "1.0.0",
      "license": "ISC",
      "dependencies": {
        "artem_math_package_for_hw2": "^1.0.0"
      }
    },
    "node_modules/artem_math_package_for_hw2": {
      "version": "1.0.0",
      "resolved": "https://registry.npmjs.org/artem_math_package_for_hw2/-/artem_math_package_for_hw2-1.0.0.tgz",
      "integrity": "sha512-J8p0yXDTcdR2Og52VCYbMZRCf24354DDebq7gsLYZwOlLDS5aEkHZC/UbM+zAWpra/zn3A+XZqrp8mT67Vf1RA==",
      "license": "ISC"
    }
  }
}
